{
	"name": "@org-roam-ui-lite/backend",
	"lockfileVersion": 3,
	"requires": true,
	"packages": {
		"": {
			"name": "@org-roam-ui-lite/backend",
			"dependencies": {
				"@hono/node-server": "^1.14.1",
				"drizzle-orm": "^0.43.1",
				"hono": "^4.7.8",
				"sql.js": "^1.13.0"
			},
			"devDependencies": {
				"@types/node": "^22.15.3",
				"@types/sql.js": "^1.4.9",
				"bun": "^1.2.13"
			}
		},
		"node_modules/@hono/node-server": {
			"version": "1.14.1",
			"resolved": "https://registry.npmjs.org/@hono/node-server/-/node-server-1.14.1.tgz",
			"integrity": "sha512-vmbuM+HPinjWzPe7FFPWMMQMsbKE9gDPhaH0FFdqbGpkT5lp++tcWDTxwBl5EgS5y6JVgIaCdjeHRfQ4XRBRjQ==",
			"license": "MIT",
			"engines": {
				"node": ">=18.14.1"
			},
			"peerDependencies": {
				"hono": "^4"
			}
		},
		"node_modules/@oven/bun-darwin-aarch64": {
			"version": "1.2.13",
			"resolved": "https://registry.npmjs.org/@oven/bun-darwin-aarch64/-/bun-darwin-aarch64-1.2.13.tgz",
			"integrity": "sha512-AOU4O9jxRp2TXeqoEfOjEaUNZb3+SUPBN8TIEnUjpnyLWPoYJGCeNdQuCDcUkmF3MJEmEuJdyF1IeOITozpC6A==",
			"cpu": [
				"arm64"
			],
			"dev": true,
			"license": "MIT",
			"optional": true,
			"os": [
				"darwin"
			]
		},
		"node_modules/@oven/bun-darwin-x64": {
			"version": "1.2.13",
			"resolved": "https://registry.npmjs.org/@oven/bun-darwin-x64/-/bun-darwin-x64-1.2.13.tgz",
			"integrity": "sha512-kJ2iOvxY8uz5/nu+8zIjKf4LmRIHBH9pJJM2q+tA47U04Tod6k6rtntDOI8SdmRe2M5c87RfbadWdxhpYHFIWQ==",
			"cpu": [
				"x64"
			],
			"dev": true,
			"license": "MIT",
			"optional": true,
			"os": [
				"darwin"
			]
		},
		"node_modules/@oven/bun-darwin-x64-baseline": {
			"version": "1.2.13",
			"resolved": "https://registry.npmjs.org/@oven/bun-darwin-x64-baseline/-/bun-darwin-x64-baseline-1.2.13.tgz",
			"integrity": "sha512-bZpIUOvx9np07AmH5MVXGYHWZ40m2vCpNV74fma6sCzBlssJclS2V3BZgO+lLvtUKSqnW3HAyJBGsRF34wPbNw==",
			"cpu": [
				"x64"
			],
			"dev": true,
			"license": "MIT",
			"optional": true,
			"os": [
				"darwin"
			]
		},
		"node_modules/@oven/bun-linux-aarch64": {
			"version": "1.2.13",
			"resolved": "https://registry.npmjs.org/@oven/bun-linux-aarch64/-/bun-linux-aarch64-1.2.13.tgz",
			"integrity": "sha512-hocSJmblX4CCjP1HpaM64I65erB+CONUCCwKzGGOfLGLobVi+vn/G56UaYWsje1y/Z7WlVaUSgKYVWl7EJ6T9g==",
			"cpu": [
				"arm64"
			],
			"dev": true,
			"license": "MIT",
			"optional": true,
			"os": [
				"linux"
			]
		},
		"node_modules/@oven/bun-linux-aarch64-musl": {
			"version": "1.2.13",
			"resolved": "https://registry.npmjs.org/@oven/bun-linux-aarch64-musl/-/bun-linux-aarch64-musl-1.2.13.tgz",
			"integrity": "sha512-P56m718KXeyu4Vq5fsESFktfu+0Us1jhu/ZzgHYFRYJcm/hjs6AUA/RJtUAifFy5PNAM5IJdrYl3xPsE8Wa+pg==",
			"cpu": [
				"aarch64"
			],
			"dev": true,
			"license": "MIT",
			"optional": true,
			"os": [
				"linux"
			]
		},
		"node_modules/@oven/bun-linux-x64": {
			"version": "1.2.13",
			"resolved": "https://registry.npmjs.org/@oven/bun-linux-x64/-/bun-linux-x64-1.2.13.tgz",
			"integrity": "sha512-pf8+Kn2GLrFKLcb8JSLM6Z147Af6L9GQODpnOHM4gvXQv6E/GwQg47/o+7f1XCfzib3fdzOTJlDPvvO1rnXOTA==",
			"cpu": [
				"x64"
			],
			"dev": true,
			"license": "MIT",
			"optional": true,
			"os": [
				"linux"
			]
		},
		"node_modules/@oven/bun-linux-x64-baseline": {
			"version": "1.2.13",
			"resolved": "https://registry.npmjs.org/@oven/bun-linux-x64-baseline/-/bun-linux-x64-baseline-1.2.13.tgz",
			"integrity": "sha512-9n1ai2ejEpxEMqpbHQMWFyvacq3MYsB7gh5mxRlFwhNFPCWu/Sv6gyrO+q2vkOYgcEIGhJb6dqJ6L9vBNaL61A==",
			"cpu": [
				"x64"
			],
			"dev": true,
			"license": "MIT",
			"optional": true,
			"os": [
				"linux"
			]
		},
		"node_modules/@oven/bun-linux-x64-musl": {
			"version": "1.2.13",
			"resolved": "https://registry.npmjs.org/@oven/bun-linux-x64-musl/-/bun-linux-x64-musl-1.2.13.tgz",
			"integrity": "sha512-w5Ob+GM3Ww4yRA6f1N845o6wEvuwHSmipFUGaRaVp4UELrFnIV9G3pmrlBbYHFnWhk13o8Q7H1/4ZphOkCRJmQ==",
			"cpu": [
				"x64"
			],
			"dev": true,
			"license": "MIT",
			"optional": true,
			"os": [
				"linux"
			]
		},
		"node_modules/@oven/bun-linux-x64-musl-baseline": {
			"version": "1.2.13",
			"resolved": "https://registry.npmjs.org/@oven/bun-linux-x64-musl-baseline/-/bun-linux-x64-musl-baseline-1.2.13.tgz",
			"integrity": "sha512-VI8hVdfqk0QmbAbyrsIdo2O95n3fkbt72E0h3Wu69cHD1iKJqRXG28R8QoHdehoLSJnKVzRTwsUzHp764nefWQ==",
			"cpu": [
				"x64"
			],
			"dev": true,
			"license": "MIT",
			"optional": true,
			"os": [
				"linux"
			]
		},
		"node_modules/@oven/bun-windows-x64": {
			"version": "1.2.13",
			"resolved": "https://registry.npmjs.org/@oven/bun-windows-x64/-/bun-windows-x64-1.2.13.tgz",
			"integrity": "sha512-sArgbRmT7V3mUdNFaAdUcuJsuS+oeMDZLPWFSg0gtQZpRrURs9nPzEnZMmVCFo4+kPF9Tb5ujQT9uDySh6/qVg==",
			"cpu": [
				"x64"
			],
			"dev": true,
			"license": "MIT",
			"optional": true,
			"os": [
				"win32"
			]
		},
		"node_modules/@oven/bun-windows-x64-baseline": {
			"version": "1.2.13",
			"resolved": "https://registry.npmjs.org/@oven/bun-windows-x64-baseline/-/bun-windows-x64-baseline-1.2.13.tgz",
			"integrity": "sha512-Aiezu99fOUJJpzGuylOJryd6w9Syg2TBigHeXV2+RJsouBzvAnIEYIBA94ZspRq1ulD26Wmkk8Ae+jZ4edk9GA==",
			"cpu": [
				"x64"
			],
			"dev": true,
			"license": "MIT",
			"optional": true,
			"os": [
				"win32"
			]
		},
		"node_modules/@types/emscripten": {
			"version": "1.40.1",
			"resolved": "https://registry.npmjs.org/@types/emscripten/-/emscripten-1.40.1.tgz",
			"integrity": "sha512-sr53lnYkQNhjHNN0oJDdUm5564biioI5DuOpycufDVK7D3y+GR3oUswe2rlwY1nPNyusHbrJ9WoTyIHl4/Bpwg==",
			"devOptional": true,
			"license": "MIT"
		},
		"node_modules/@types/node": {
			"version": "22.15.17",
			"resolved": "https://registry.npmjs.org/@types/node/-/node-22.15.17.tgz",
			"integrity": "sha512-wIX2aSZL5FE+MR0JlvF87BNVrtFWf6AE6rxSE9X7OwnVvoyCQjpzSRJ+M87se/4QCkCiebQAqrJ0y6fwIyi7nw==",
			"devOptional": true,
			"license": "MIT",
			"dependencies": {
				"undici-types": "~6.21.0"
			}
		},
		"node_modules/@types/sql.js": {
			"version": "1.4.9",
			"resolved": "https://registry.npmjs.org/@types/sql.js/-/sql.js-1.4.9.tgz",
			"integrity": "sha512-ep8b36RKHlgWPqjNG9ToUrPiwkhwh0AEzy883mO5Xnd+cL6VBH1EvSjBAAuxLUFF2Vn/moE3Me6v9E1Lo+48GQ==",
			"devOptional": true,
			"license": "MIT",
			"dependencies": {
				"@types/emscripten": "*",
				"@types/node": "*"
			}
		},
		"node_modules/bun": {
			"version": "1.2.13",
			"resolved": "https://registry.npmjs.org/bun/-/bun-1.2.13.tgz",
			"integrity": "sha512-EhP1MhFbicqtaRSFCbEZdkcFco8Ov47cNJcB9QmKS8U4cojKHfLU+dQR14lCvLYmtBvGgwv/Lp+9SSver2OPzQ==",
			"cpu": [
				"arm64",
				"x64",
				"aarch64"
			],
			"dev": true,
			"hasInstallScript": true,
			"license": "MIT",
			"os": [
				"darwin",
				"linux",
				"win32"
			],
			"bin": {
				"bun": "bin/bun.exe",
				"bunx": "bin/bun.exe"
			},
			"optionalDependencies": {
				"@oven/bun-darwin-aarch64": "1.2.13",
				"@oven/bun-darwin-x64": "1.2.13",
				"@oven/bun-darwin-x64-baseline": "1.2.13",
				"@oven/bun-linux-aarch64": "1.2.13",
				"@oven/bun-linux-aarch64-musl": "1.2.13",
				"@oven/bun-linux-x64": "1.2.13",
				"@oven/bun-linux-x64-baseline": "1.2.13",
				"@oven/bun-linux-x64-musl": "1.2.13",
				"@oven/bun-linux-x64-musl-baseline": "1.2.13",
				"@oven/bun-windows-x64": "1.2.13",
				"@oven/bun-windows-x64-baseline": "1.2.13"
			}
		},
		"node_modules/drizzle-orm": {
			"version": "0.43.1",
			"resolved": "https://registry.npmjs.org/drizzle-orm/-/drizzle-orm-0.43.1.tgz",
			"integrity": "sha512-dUcDaZtE/zN4RV/xqGrVSMpnEczxd5cIaoDeor7Zst9wOe/HzC/7eAaulywWGYXdDEc9oBPMjayVEDg0ziTLJA==",
			"license": "Apache-2.0",
			"peerDependencies": {
				"@aws-sdk/client-rds-data": ">=3",
				"@cloudflare/workers-types": ">=4",
				"@electric-sql/pglite": ">=0.2.0",
				"@libsql/client": ">=0.10.0",
				"@libsql/client-wasm": ">=0.10.0",
				"@neondatabase/serverless": ">=0.10.0",
				"@op-engineering/op-sqlite": ">=2",
				"@opentelemetry/api": "^1.4.1",
				"@planetscale/database": ">=1.13",
				"@prisma/client": "*",
				"@tidbcloud/serverless": "*",
				"@types/better-sqlite3": "*",
				"@types/pg": "*",
				"@types/sql.js": "*",
				"@vercel/postgres": ">=0.8.0",
				"@xata.io/client": "*",
				"better-sqlite3": ">=7",
				"bun-types": "*",
				"expo-sqlite": ">=14.0.0",
				"gel": ">=2",
				"knex": "*",
				"kysely": "*",
				"mysql2": ">=2",
				"pg": ">=8",
				"postgres": ">=3",
				"sql.js": ">=1",
				"sqlite3": ">=5"
			},
			"peerDependenciesMeta": {
				"@aws-sdk/client-rds-data": {
					"optional": true
				},
				"@cloudflare/workers-types": {
					"optional": true
				},
				"@electric-sql/pglite": {
					"optional": true
				},
				"@libsql/client": {
					"optional": true
				},
				"@libsql/client-wasm": {
					"optional": true
				},
				"@neondatabase/serverless": {
					"optional": true
				},
				"@op-engineering/op-sqlite": {
					"optional": true
				},
				"@opentelemetry/api": {
					"optional": true
				},
				"@planetscale/database": {
					"optional": true
				},
				"@prisma/client": {
					"optional": true
				},
				"@tidbcloud/serverless": {
					"optional": true
				},
				"@types/better-sqlite3": {
					"optional": true
				},
				"@types/pg": {
					"optional": true
				},
				"@types/sql.js": {
					"optional": true
				},
				"@vercel/postgres": {
					"optional": true
				},
				"@xata.io/client": {
					"optional": true
				},
				"better-sqlite3": {
					"optional": true
				},
				"bun-types": {
					"optional": true
				},
				"expo-sqlite": {
					"optional": true
				},
				"gel": {
					"optional": true
				},
				"knex": {
					"optional": true
				},
				"kysely": {
					"optional": true
				},
				"mysql2": {
					"optional": true
				},
				"pg": {
					"optional": true
				},
				"postgres": {
					"optional": true
				},
				"prisma": {
					"optional": true
				},
				"sql.js": {
					"optional": true
				},
				"sqlite3": {
					"optional": true
				}
			}
		},
		"node_modules/hono": {
			"version": "4.7.9",
			"resolved": "https://registry.npmjs.org/hono/-/hono-4.7.9.tgz",
			"integrity": "sha512-/EsCoR5h7N4yu01TDu9GMCCJa6ZLk5ZJIWFFGNawAXmd1Tp53+Wir4xm0D2X19bbykWUlzQG0+BvPAji6p9E8Q==",
			"license": "MIT",
			"engines": {
				"node": ">=16.9.0"
			}
		},
		"node_modules/sql.js": {
			"version": "1.13.0",
			"resolved": "https://registry.npmjs.org/sql.js/-/sql.js-1.13.0.tgz",
			"integrity": "sha512-RJbVP1HRDlUUXahJ7VMTcu9Rm1Nzw+EBpoPr94vnbD4LwR715F3CcxE2G2k45PewcaZ57pjetYa+LoSJLAASgA==",
			"license": "MIT"
		},
		"node_modules/undici-types": {
			"version": "6.21.0",
			"resolved": "https://registry.npmjs.org/undici-types/-/undici-types-6.21.0.tgz",
			"integrity": "sha512-iwDZqg0QAGrg9Rav5H4n0M64c3mkR59cJ6wQp+7C4nI0gsmExaedaYLNO44eT4AtBBwjbTiGPMlt2Md0T9H9JQ==",
			"devOptional": true,
			"license": "MIT"
		}
	}
}
